
Microsoft Visual Studio Solution File, Format Version 12.00
# Visual Studio 15
VisualStudioVersion = 15.0.26124.0
MinimumVisualStudioVersion = 15.0.26124.0
Project("{FAE04EC0-301F-11D3-BF4B-00C04F79EFBC}") = "passwordChecker.WebAPI", "passwordChecker.WebAPI\passwordChecker.WebAPI.csproj", "{1CFEF334-E883-42FA-97F7-2554C6A5D7EF}"
EndProject
Project("{FAE04EC0-301F-11D3-BF4B-00C04F79EFBC}") = "passwordChecker.Core", "passwordChecker.Core\passwordChecker.Core.csproj", "{441211B8-60A1-4F81-9C52-C4BB37A98693}"
EndProject
Project("{FAE04EC0-301F-11D3-BF4B-00C04F79EFBC}") = "passwordChecker.FunctionalTests", "passwordChecker.FunctionalTests\passwordChecker.FunctionalTests.csproj", "{530F0652-F347-4E7F-B532-092F87863CCE}"
EndProject
Project("{FAE04EC0-301F-11D3-BF4B-00C04F79EFBC}") = "passwordChecker.WebAPI.Client", "passwordChecker.WebAPI.Client\passwordChecker.WebAPI.Client.csproj", "{FDAF0F70-606E-47DC-8621-31253D0E7C00}"
EndProject
Project("{FAE04EC0-301F-11D3-BF4B-00C04F79EFBC}") = "passwordChecker.ConsoleApp", "passwordChecker.ConsoleApp\passwordChecker.ConsoleApp.csproj", "{4267AA22-3192-4846-9AE1-F445BB2D911E}"
EndProject
Global
	GlobalSection(SolutionProperties) = preSolution
		HideSolutionNode = FALSE
	EndGlobalSection
	GlobalSection(SolutionConfigurationPlatforms) = preSolution
		Debug|Any CPU = Debug|Any CPU
		Debug|x64 = Debug|x64
		Debug|x86 = Debug|x86
		Release|Any CPU = Release|Any CPU
		Release|x64 = Release|x64
		Release|x86 = Release|x86
	EndGlobalSection
	GlobalSection(ProjectConfigurationPlatforms) = postSolution
		{1CFEF334-E883-42FA-97F7-2554C6A5D7EF}.Debug|Any CPU.ActiveCfg = Debug|Any CPU
		{1CFEF334-E883-42FA-97F7-2554C6A5D7EF}.Debug|Any CPU.Build.0 = Debug|Any CPU
		{1CFEF334-E883-42FA-97F7-2554C6A5D7EF}.Debug|x64.ActiveCfg = Debug|Any CPU
		{1CFEF334-E883-42FA-97F7-2554C6A5D7EF}.Debug|x64.Build.0 = Debug|Any CPU
		{1CFEF334-E883-42FA-97F7-2554C6A5D7EF}.Debug|x86.ActiveCfg = Debug|Any CPU
		{1CFEF334-E883-42FA-97F7-2554C6A5D7EF}.Debug|x86.Build.0 = Debug|Any CPU
		{1CFEF334-E883-42FA-97F7-2554C6A5D7EF}.Release|Any CPU.ActiveCfg = Release|Any CPU
		{1CFEF334-E883-42FA-97F7-2554C6A5D7EF}.Release|Any CPU.Build.0 = Release|Any CPU
		{1CFEF334-E883-42FA-97F7-2554C6A5D7EF}.Release|x64.ActiveCfg = Release|Any CPU
		{1CFEF334-E883-42FA-97F7-2554C6A5D7EF}.Release|x64.Build.0 = Release|Any CPU
		{1CFEF334-E883-42FA-97F7-2554C6A5D7EF}.Release|x86.ActiveCfg = Release|Any CPU
		{1CFEF334-E883-42FA-97F7-2554C6A5D7EF}.Release|x86.Build.0 = Release|Any CPU
		{441211B8-60A1-4F81-9C52-C4BB37A98693}.Debug|Any CPU.ActiveCfg = Debug|Any CPU
		{441211B8-60A1-4F81-9C52-C4BB37A98693}.Debug|Any CPU.Build.0 = Debug|Any CPU
		{441211B8-60A1-4F81-9C52-C4BB37A98693}.Debug|x64.ActiveCfg = Debug|Any CPU
		{441211B8-60A1-4F81-9C52-C4BB37A98693}.Debug|x64.Build.0 = Debug|Any CPU
		{441211B8-60A1-4F81-9C52-C4BB37A98693}.Debug|x86.ActiveCfg = Debug|Any CPU
		{441211B8-60A1-4F81-9C52-C4BB37A98693}.Debug|x86.Build.0 = Debug|Any CPU
		{441211B8-60A1-4F81-9C52-C4BB37A98693}.Release|Any CPU.ActiveCfg = Release|Any CPU
		{441211B8-60A1-4F81-9C52-C4BB37A98693}.Release|Any CPU.Build.0 = Release|Any CPU
		{441211B8-60A1-4F81-9C52-C4BB37A98693}.Release|x64.ActiveCfg = Release|Any CPU
		{441211B8-60A1-4F81-9C52-C4BB37A98693}.Release|x64.Build.0 = Release|Any CPU
		{441211B8-60A1-4F81-9C52-C4BB37A98693}.Release|x86.ActiveCfg = Release|Any CPU
		{441211B8-60A1-4F81-9C52-C4BB37A98693}.Release|x86.Build.0 = Release|Any CPU
		{530F0652-F347-4E7F-B532-092F87863CCE}.Debug|Any CPU.ActiveCfg = Debug|Any CPU
		{530F0652-F347-4E7F-B532-092F87863CCE}.Debug|Any CPU.Build.0 = Debug|Any CPU
		{530F0652-F347-4E7F-B532-092F87863CCE}.Debug|x64.ActiveCfg = Debug|Any CPU
		{530F0652-F347-4E7F-B532-092F87863CCE}.Debug|x64.Build.0 = Debug|Any CPU
		{530F0652-F347-4E7F-B532-092F87863CCE}.Debug|x86.ActiveCfg = Debug|Any CPU
		{530F0652-F347-4E7F-B532-092F87863CCE}.Debug|x86.Build.0 = Debug|Any CPU
		{530F0652-F347-4E7F-B532-092F87863CCE}.Release|Any CPU.ActiveCfg = Release|Any CPU
		{530F0652-F347-4E7F-B532-092F87863CCE}.Release|Any CPU.Build.0 = Release|Any CPU
		{530F0652-F347-4E7F-B532-092F87863CCE}.Release|x64.ActiveCfg = Release|Any CPU
		{530F0652-F347-4E7F-B532-092F87863CCE}.Release|x64.Build.0 = Release|Any CPU
		{530F0652-F347-4E7F-B532-092F87863CCE}.Release|x86.ActiveCfg = Release|Any CPU
		{530F0652-F347-4E7F-B532-092F87863CCE}.Release|x86.Build.0 = Release|Any CPU
		{FDAF0F70-606E-47DC-8621-31253D0E7C00}.Debug|Any CPU.ActiveCfg = Debug|Any CPU
		{FDAF0F70-606E-47DC-8621-31253D0E7C00}.Debug|Any CPU.Build.0 = Debug|Any CPU
		{FDAF0F70-606E-47DC-8621-31253D0E7C00}.Debug|x64.ActiveCfg = Debug|Any CPU
		{FDAF0F70-606E-47DC-8621-31253D0E7C00}.Debug|x64.Build.0 = Debug|Any CPU
		{FDAF0F70-606E-47DC-8621-31253D0E7C00}.Debug|x86.ActiveCfg = Debug|Any CPU
		{FDAF0F70-606E-47DC-8621-31253D0E7C00}.Debug|x86.Build.0 = Debug|Any CPU
		{FDAF0F70-606E-47DC-8621-31253D0E7C00}.Release|Any CPU.ActiveCfg = Release|Any CPU
		{FDAF0F70-606E-47DC-8621-31253D0E7C00}.Release|Any CPU.Build.0 = Release|Any CPU
		{FDAF0F70-606E-47DC-8621-31253D0E7C00}.Release|x64.ActiveCfg = Release|Any CPU
		{FDAF0F70-606E-47DC-8621-31253D0E7C00}.Release|x64.Build.0 = Release|Any CPU
		{FDAF0F70-606E-47DC-8621-31253D0E7C00}.Release|x86.ActiveCfg = Release|Any CPU
		{FDAF0F70-606E-47DC-8621-31253D0E7C00}.Release|x86.Build.0 = Release|Any CPU
		{4267AA22-3192-4846-9AE1-F445BB2D911E}.Debug|Any CPU.ActiveCfg = Debug|Any CPU
		{4267AA22-3192-4846-9AE1-F445BB2D911E}.Debug|Any CPU.Build.0 = Debug|Any CPU
		{4267AA22-3192-4846-9AE1-F445BB2D911E}.Debug|x64.ActiveCfg = Debug|Any CPU
		{4267AA22-3192-4846-9AE1-F445BB2D911E}.Debug|x64.Build.0 = Debug|Any CPU
		{4267AA22-3192-4846-9AE1-F445BB2D911E}.Debug|x86.ActiveCfg = Debug|Any CPU
		{4267AA22-3192-4846-9AE1-F445BB2D911E}.Debug|x86.Build.0 = Debug|Any CPU
		{4267AA22-3192-4846-9AE1-F445BB2D911E}.Release|Any CPU.ActiveCfg = Release|Any CPU
		{4267AA22-3192-4846-9AE1-F445BB2D911E}.Release|Any CPU.Build.0 = Release|Any CPU
		{4267AA22-3192-4846-9AE1-F445BB2D911E}.Release|x64.ActiveCfg = Release|Any CPU
		{4267AA22-3192-4846-9AE1-F445BB2D911E}.Release|x64.Build.0 = Release|Any CPU
		{4267AA22-3192-4846-9AE1-F445BB2D911E}.Release|x86.ActiveCfg = Release|Any CPU
		{4267AA22-3192-4846-9AE1-F445BB2D911E}.Release|x86.Build.0 = Release|Any CPU
	EndGlobalSection
EndGlobal
